
Microsoft Visual Studio Solution File, Format Version 12.00
# Visual Studio Version 17
VisualStudioVersion = 17.7.34202.233
MinimumVisualStudioVersion = 10.0.40219.1
Project("{9A19103F-16F7-4668-BE54-9A1E7A4F7556}") = "Livraria.Worker", "src\Livraria.Worker\Livraria.Worker.csproj", "{5C1C41C9-020A-45B3-8B0F-910EFB03367C}"
EndProject
Project("{9A19103F-16F7-4668-BE54-9A1E7A4F7556}") = "Livraria.API", "src\Livraria.API\Livraria.API.csproj", "{C99C3535-F7B6-4BA0-9314-D5822D9F04B9}"
EndProject
Project("{2150E333-8FDC-42A3-9474-1A3956D46DE8}") = "src", "src", "{21003B95-1EA1-4793-AFA0-D0A7A1B218CA}"
EndProject
Project("{2150E333-8FDC-42A3-9474-1A3956D46DE8}") = "test", "test", "{B0A9F986-7571-4343-A403-FECA12559110}"
EndProject
Project("{2150E333-8FDC-42A3-9474-1A3956D46DE8}") = "API", "API", "{C3E5707C-4C57-4CCC-912D-C7F0ACB6352A}"
EndProject
Project("{2150E333-8FDC-42A3-9474-1A3956D46DE8}") = "Worker", "Worker", "{E28FA1A5-3340-4944-AFFE-64E7855AABEC}"
EndProject
Project("{FAE04EC0-301F-11D3-BF4B-00C04F79EFBC}") = "Livraria.UnitTest", "Livraria.UnitTest\Livraria.UnitTest.csproj", "{902B0CA8-A8EC-4124-8DCC-59D628AFE394}"
EndProject
Global
	GlobalSection(SolutionConfigurationPlatforms) = preSolution
		Debug|Any CPU = Debug|Any CPU
		Release|Any CPU = Release|Any CPU
	EndGlobalSection
	GlobalSection(ProjectConfigurationPlatforms) = postSolution
		{5C1C41C9-020A-45B3-8B0F-910EFB03367C}.Debug|Any CPU.ActiveCfg = Debug|Any CPU
		{5C1C41C9-020A-45B3-8B0F-910EFB03367C}.Debug|Any CPU.Build.0 = Debug|Any CPU
		{5C1C41C9-020A-45B3-8B0F-910EFB03367C}.Release|Any CPU.ActiveCfg = Release|Any CPU
		{5C1C41C9-020A-45B3-8B0F-910EFB03367C}.Release|Any CPU.Build.0 = Release|Any CPU
		{C99C3535-F7B6-4BA0-9314-D5822D9F04B9}.Debug|Any CPU.ActiveCfg = Debug|Any CPU
		{C99C3535-F7B6-4BA0-9314-D5822D9F04B9}.Debug|Any CPU.Build.0 = Debug|Any CPU
		{C99C3535-F7B6-4BA0-9314-D5822D9F04B9}.Release|Any CPU.ActiveCfg = Release|Any CPU
		{C99C3535-F7B6-4BA0-9314-D5822D9F04B9}.Release|Any CPU.Build.0 = Release|Any CPU
		{902B0CA8-A8EC-4124-8DCC-59D628AFE394}.Debug|Any CPU.ActiveCfg = Debug|Any CPU
		{902B0CA8-A8EC-4124-8DCC-59D628AFE394}.Debug|Any CPU.Build.0 = Debug|Any CPU
		{902B0CA8-A8EC-4124-8DCC-59D628AFE394}.Release|Any CPU.ActiveCfg = Release|Any CPU
		{902B0CA8-A8EC-4124-8DCC-59D628AFE394}.Release|Any CPU.Build.0 = Release|Any CPU
	EndGlobalSection
	GlobalSection(SolutionProperties) = preSolution
		HideSolutionNode = FALSE
	EndGlobalSection
	GlobalSection(NestedProjects) = preSolution
		{5C1C41C9-020A-45B3-8B0F-910EFB03367C} = {E28FA1A5-3340-4944-AFFE-64E7855AABEC}
		{C99C3535-F7B6-4BA0-9314-D5822D9F04B9} = {C3E5707C-4C57-4CCC-912D-C7F0ACB6352A}
		{C3E5707C-4C57-4CCC-912D-C7F0ACB6352A} = {21003B95-1EA1-4793-AFA0-D0A7A1B218CA}
		{E28FA1A5-3340-4944-AFFE-64E7855AABEC} = {21003B95-1EA1-4793-AFA0-D0A7A1B218CA}
		{902B0CA8-A8EC-4124-8DCC-59D628AFE394} = {B0A9F986-7571-4343-A403-FECA12559110}
	EndGlobalSection
	GlobalSection(ExtensibilityGlobals) = postSolution
		SolutionGuid = {DD194E10-26BD-4B6E-8AFE-78473E98D0A5}
	EndGlobalSection
EndGlobal
