
Microsoft Visual Studio Solution File, Format Version 12.00
# Visual Studio Version 17
VisualStudioVersion = 17.7.34202.233
MinimumVisualStudioVersion = 10.0.40219.1
Project("{9A19103F-16F7-4668-BE54-9A1E7A4F7556}") = "Livraria.API", "src\Livraria.API\Livraria.API.csproj", "{C99C3535-F7B6-4BA0-9314-D5822D9F04B9}"
EndProject
Project("{2150E333-8FDC-42A3-9474-1A3956D46DE8}") = "src", "src", "{21003B95-1EA1-4793-AFA0-D0A7A1B218CA}"
EndProject
Project("{2150E333-8FDC-42A3-9474-1A3956D46DE8}") = "test", "test", "{B0A9F986-7571-4343-A403-FECA12559110}"
EndProject
Project("{2150E333-8FDC-42A3-9474-1A3956D46DE8}") = "API", "API", "{C3E5707C-4C57-4CCC-912D-C7F0ACB6352A}"
EndProject
Project("{FAE04EC0-301F-11D3-BF4B-00C04F79EFBC}") = "Livraria.UnitTest", "Livraria.UnitTest\Livraria.UnitTest.csproj", "{902B0CA8-A8EC-4124-8DCC-59D628AFE394}"
EndProject
Project("{2150E333-8FDC-42A3-9474-1A3956D46DE8}") = "Application", "Application", "{D1E50ACD-A632-4498-80FA-DEA03C05163A}"
EndProject
Project("{9A19103F-16F7-4668-BE54-9A1E7A4F7556}") = "Livraria.Application", "Livraria.Application\Livraria.Application.csproj", "{A15072C4-9353-410A-A98A-B7072855E028}"
EndProject
Project("{9A19103F-16F7-4668-BE54-9A1E7A4F7556}") = "Livraria.Domain", "Livraria.Domain\Livraria.Domain.csproj", "{6EBA267F-AD89-48EA-A7F0-E8D6561931B2}"
EndProject
Project("{2150E333-8FDC-42A3-9474-1A3956D46DE8}") = "Infra", "Infra", "{BAD44D55-CD93-41D5-BB07-627D3E7E6968}"
EndProject
Project("{FAE04EC0-301F-11D3-BF4B-00C04F79EFBC}") = "Livraria.Infra", "Livraria.Infra\Livraria.Infra.csproj", "{8B1C6CC9-63C8-4064-8102-BA868C00703C}"
EndProject
Global
	GlobalSection(SolutionConfigurationPlatforms) = preSolution
		Debug|Any CPU = Debug|Any CPU
		Release|Any CPU = Release|Any CPU
	EndGlobalSection
	GlobalSection(ProjectConfigurationPlatforms) = postSolution
		{C99C3535-F7B6-4BA0-9314-D5822D9F04B9}.Debug|Any CPU.ActiveCfg = Debug|Any CPU
		{C99C3535-F7B6-4BA0-9314-D5822D9F04B9}.Debug|Any CPU.Build.0 = Debug|Any CPU
		{C99C3535-F7B6-4BA0-9314-D5822D9F04B9}.Release|Any CPU.ActiveCfg = Release|Any CPU
		{C99C3535-F7B6-4BA0-9314-D5822D9F04B9}.Release|Any CPU.Build.0 = Release|Any CPU
		{902B0CA8-A8EC-4124-8DCC-59D628AFE394}.Debug|Any CPU.ActiveCfg = Debug|Any CPU
		{902B0CA8-A8EC-4124-8DCC-59D628AFE394}.Debug|Any CPU.Build.0 = Debug|Any CPU
		{902B0CA8-A8EC-4124-8DCC-59D628AFE394}.Release|Any CPU.ActiveCfg = Release|Any CPU
		{902B0CA8-A8EC-4124-8DCC-59D628AFE394}.Release|Any CPU.Build.0 = Release|Any CPU
		{A15072C4-9353-410A-A98A-B7072855E028}.Debug|Any CPU.ActiveCfg = Debug|Any CPU
		{A15072C4-9353-410A-A98A-B7072855E028}.Debug|Any CPU.Build.0 = Debug|Any CPU
		{A15072C4-9353-410A-A98A-B7072855E028}.Release|Any CPU.ActiveCfg = Release|Any CPU
		{A15072C4-9353-410A-A98A-B7072855E028}.Release|Any CPU.Build.0 = Release|Any CPU
		{6EBA267F-AD89-48EA-A7F0-E8D6561931B2}.Debug|Any CPU.ActiveCfg = Debug|Any CPU
		{6EBA267F-AD89-48EA-A7F0-E8D6561931B2}.Debug|Any CPU.Build.0 = Debug|Any CPU
		{6EBA267F-AD89-48EA-A7F0-E8D6561931B2}.Release|Any CPU.ActiveCfg = Release|Any CPU
		{6EBA267F-AD89-48EA-A7F0-E8D6561931B2}.Release|Any CPU.Build.0 = Release|Any CPU
		{8B1C6CC9-63C8-4064-8102-BA868C00703C}.Debug|Any CPU.ActiveCfg = Debug|Any CPU
		{8B1C6CC9-63C8-4064-8102-BA868C00703C}.Debug|Any CPU.Build.0 = Debug|Any CPU
		{8B1C6CC9-63C8-4064-8102-BA868C00703C}.Release|Any CPU.ActiveCfg = Release|Any CPU
		{8B1C6CC9-63C8-4064-8102-BA868C00703C}.Release|Any CPU.Build.0 = Release|Any CPU
	EndGlobalSection
	GlobalSection(SolutionProperties) = preSolution
		HideSolutionNode = FALSE
	EndGlobalSection
	GlobalSection(NestedProjects) = preSolution
		{C99C3535-F7B6-4BA0-9314-D5822D9F04B9} = {C3E5707C-4C57-4CCC-912D-C7F0ACB6352A}
		{C3E5707C-4C57-4CCC-912D-C7F0ACB6352A} = {21003B95-1EA1-4793-AFA0-D0A7A1B218CA}
		{902B0CA8-A8EC-4124-8DCC-59D628AFE394} = {B0A9F986-7571-4343-A403-FECA12559110}
		{D1E50ACD-A632-4498-80FA-DEA03C05163A} = {21003B95-1EA1-4793-AFA0-D0A7A1B218CA}
		{A15072C4-9353-410A-A98A-B7072855E028} = {D1E50ACD-A632-4498-80FA-DEA03C05163A}
		{6EBA267F-AD89-48EA-A7F0-E8D6561931B2} = {D1E50ACD-A632-4498-80FA-DEA03C05163A}
		{BAD44D55-CD93-41D5-BB07-627D3E7E6968} = {21003B95-1EA1-4793-AFA0-D0A7A1B218CA}
		{8B1C6CC9-63C8-4064-8102-BA868C00703C} = {BAD44D55-CD93-41D5-BB07-627D3E7E6968}
	EndGlobalSection
	GlobalSection(ExtensibilityGlobals) = postSolution
		SolutionGuid = {DD194E10-26BD-4B6E-8AFE-78473E98D0A5}
	EndGlobalSection
EndGlobal
